
Microsoft Visual Studio Solution File, Format Version 12.00
# Visual Studio Version 17
VisualStudioVersion = 17.7.34202.233
MinimumVisualStudioVersion = 10.0.40219.1
Project("{9A19103F-16F7-4668-BE54-9A1E7A4F7556}") = "MatheQuiz", "MatheQuiz\MatheQuiz.csproj", "{2503DDE8-DF1B-4802-8EFB-188617D7A71A}"
EndProject
Global
	GlobalSection(SolutionConfigurationPlatforms) = preSolution
		Debug|Any CPU = Debug|Any CPU
		Pre-Release|Any CPU = Pre-Release|Any CPU
		Release|Any CPU = Release|Any CPU
	EndGlobalSection
	GlobalSection(ProjectConfigurationPlatforms) = postSolution
		{2503DDE8-DF1B-4802-8EFB-188617D7A71A}.Debug|Any CPU.ActiveCfg = Debug|Any CPU
		{2503DDE8-DF1B-4802-8EFB-188617D7A71A}.Debug|Any CPU.Build.0 = Debug|Any CPU
		{2503DDE8-DF1B-4802-8EFB-188617D7A71A}.Pre-Release|Any CPU.ActiveCfg = Pre-Release|Any CPU
		{2503DDE8-DF1B-4802-8EFB-188617D7A71A}.Pre-Release|Any CPU.Build.0 = Pre-Release|Any CPU
		{2503DDE8-DF1B-4802-8EFB-188617D7A71A}.Release|Any CPU.ActiveCfg = Release|Any CPU
		{2503DDE8-DF1B-4802-8EFB-188617D7A71A}.Release|Any CPU.Build.0 = Release|Any CPU
	EndGlobalSection
	GlobalSection(SolutionProperties) = preSolution
		HideSolutionNode = FALSE
	EndGlobalSection
	GlobalSection(ExtensibilityGlobals) = postSolution
		SolutionGuid = {519C5BDE-5755-4D62-9381-B6590AD9FAD3}
		RESX_ExcelExportMode = MultipleSheets
	EndGlobalSection
EndGlobal
